// !$*UTF8*$!
{
	archiveVersion = 1;
	classes = {
	};
	objectVersion = 46;
	objects = {

/* Begin PBXBuildFile section */
		AA3DA5D81B069D59001D7036 /* main.m in Sources */ = {isa = PBXBuildFile; fileRef = AA3DA5D71B069D59001D7036 /* main.m */; };
		AA3DA5DB1B069D59001D7036 /* AppDelegate.m in Sources */ = {isa = PBXBuildFile; fileRef = AA3DA5DA1B069D59001D7036 /* AppDelegate.m */; };
		AA3DA5DE1B069D59001D7036 /* blocnotes.xcdatamodeld in Sources */ = {isa = PBXBuildFile; fileRef = AA3DA5DC1B069D59001D7036 /* blocnotes.xcdatamodeld */; };
		AA3DA5E11B069D59001D7036 /* MasterViewController.m in Sources */ = {isa = PBXBuildFile; fileRef = AA3DA5E01B069D59001D7036 /* MasterViewController.m */; };
		AA3DA5E41B069D59001D7036 /* DetailViewController.m in Sources */ = {isa = PBXBuildFile; fileRef = AA3DA5E31B069D59001D7036 /* DetailViewController.m */; };
		AA3DA5E71B069D59001D7036 /* Main.storyboard in Resources */ = {isa = PBXBuildFile; fileRef = AA3DA5E51B069D59001D7036 /* Main.storyboard */; };
		AA3DA5E91B069D59001D7036 /* Images.xcassets in Resources */ = {isa = PBXBuildFile; fileRef = AA3DA5E81B069D59001D7036 /* Images.xcassets */; };
		AA3DA5EC1B069D59001D7036 /* LaunchScreen.xib in Resources */ = {isa = PBXBuildFile; fileRef = AA3DA5EA1B069D59001D7036 /* LaunchScreen.xib */; };
		AA3DA5F81B069D5A001D7036 /* blocnotesTests.m in Sources */ = {isa = PBXBuildFile; fileRef = AA3DA5F71B069D5A001D7036 /* blocnotesTests.m */; };
		AA8DCF191B177005003A6853 /* NoteDataManager.m in Sources */ = {isa = PBXBuildFile; fileRef = AA8DCF181B177005003A6853 /* NoteDataManager.m */; };
		AAAB38021B49A86000E273C8 /* NoteDetailController.m in Sources */ = {isa = PBXBuildFile; fileRef = AAAB38011B49A86000E273C8 /* NoteDetailController.m */; };
		AAE4814D1B4732E8001EAC63 /* InterfaceController.m in Sources */ = {isa = PBXBuildFile; fileRef = AAE4814C1B4732E8001EAC63 /* InterfaceController.m */; };
		AAE4814F1B4732E8001EAC63 /* Images.xcassets in Resources */ = {isa = PBXBuildFile; fileRef = AAE4814E1B4732E8001EAC63 /* Images.xcassets */; };
		AAE481531B4732E8001EAC63 /* blocnotes WatchKit App.app in Resources */ = {isa = PBXBuildFile; fileRef = AAE481521B4732E8001EAC63 /* blocnotes WatchKit App.app */; };
		AAE4815B1B4732E8001EAC63 /* Interface.storyboard in Resources */ = {isa = PBXBuildFile; fileRef = AAE481591B4732E8001EAC63 /* Interface.storyboard */; };
		AAE4815D1B4732E8001EAC63 /* Images.xcassets in Resources */ = {isa = PBXBuildFile; fileRef = AAE4815C1B4732E8001EAC63 /* Images.xcassets */; };
		AAE481601B4732E8001EAC63 /* blocnotes WatchKit Extension.appex in Embed App Extensions */ = {isa = PBXBuildFile; fileRef = AAE481471B4732E8001EAC63 /* blocnotes WatchKit Extension.appex */; settings = {ATTRIBUTES = (RemoveHeadersOnCopy, ); }; };
		AAE481671B4732FC001EAC63 /* Interface.storyboard in Resources */ = {isa = PBXBuildFile; fileRef = AAE481591B4732E8001EAC63 /* Interface.storyboard */; };
		AAE481681B47339A001EAC63 /* InterfaceController.m in Sources */ = {isa = PBXBuildFile; fileRef = AAE4814C1B4732E8001EAC63 /* InterfaceController.m */; };
		AAE481691B4733A0001EAC63 /* blocnotes.xcdatamodeld in Sources */ = {isa = PBXBuildFile; fileRef = AA3DA5DC1B069D59001D7036 /* blocnotes.xcdatamodeld */; };
		AAE4816A1B4733A5001EAC63 /* NoteDataManager.m in Sources */ = {isa = PBXBuildFile; fileRef = AA8DCF181B177005003A6853 /* NoteDataManager.m */; };
		AAE481741B482831001EAC63 /* NoteRowController.m in Sources */ = {isa = PBXBuildFile; fileRef = AAE481731B482831001EAC63 /* NoteRowController.m */; };
		AAE481751B4830C4001EAC63 /* NoteRowController.m in Sources */ = {isa = PBXBuildFile; fileRef = AAE481731B482831001EAC63 /* NoteRowController.m */; };
		AAF3FF381B1D085A0046AF77 /* ShareViewController.m in Sources */ = {isa = PBXBuildFile; fileRef = AAF3FF371B1D085A0046AF77 /* ShareViewController.m */; };
		AAF3FF3A1B1D085A0046AF77 /* MainInterface.storyboard in Resources */ = {isa = PBXBuildFile; fileRef = AAF3FF391B1D085A0046AF77 /* MainInterface.storyboard */; };
		AAF3FF3D1B1D085A0046AF77 /* blocnotesShare.appex in Embed App Extensions */ = {isa = PBXBuildFile; fileRef = AAF3FF321B1D085A0046AF77 /* blocnotesShare.appex */; settings = {ATTRIBUTES = (RemoveHeadersOnCopy, ); }; };
		AAF3FF441B1D19900046AF77 /* blocnotes.xcdatamodeld in Sources */ = {isa = PBXBuildFile; fileRef = AA3DA5DC1B069D59001D7036 /* blocnotes.xcdatamodeld */; };
		AAF3FF491B1F59EB0046AF77 /* ShareViewController.m in Sources */ = {isa = PBXBuildFile; fileRef = AAF3FF371B1D085A0046AF77 /* ShareViewController.m */; };
		AAFC41431B45E26100314944 /* NoteDataManager.m in Sources */ = {isa = PBXBuildFile; fileRef = AA8DCF181B177005003A6853 /* NoteDataManager.m */; };
/* End PBXBuildFile section */

/* Begin PBXContainerItemProxy section */
		AA3DA5F21B069D5A001D7036 /* PBXContainerItemProxy */ = {
			isa = PBXContainerItemProxy;
			containerPortal = AA3DA5CA1B069D59001D7036 /* Project object */;
			proxyType = 1;
			remoteGlobalIDString = AA3DA5D11B069D59001D7036;
			remoteInfo = blocnotes;
		};
		AAE481541B4732E8001EAC63 /* PBXContainerItemProxy */ = {
			isa = PBXContainerItemProxy;
			containerPortal = AA3DA5CA1B069D59001D7036 /* Project object */;
			proxyType = 1;
			remoteGlobalIDString = AAE481511B4732E8001EAC63;
			remoteInfo = "blocnotes WatchKit App";
		};
		AAE4815E1B4732E8001EAC63 /* PBXContainerItemProxy */ = {
			isa = PBXContainerItemProxy;
			containerPortal = AA3DA5CA1B069D59001D7036 /* Project object */;
			proxyType = 1;
			remoteGlobalIDString = AAE481461B4732E8001EAC63;
			remoteInfo = "blocnotes WatchKit Extension";
		};
		AAF3FF3B1B1D085A0046AF77 /* PBXContainerItemProxy */ = {
			isa = PBXContainerItemProxy;
			containerPortal = AA3DA5CA1B069D59001D7036 /* Project object */;
			proxyType = 1;
			remoteGlobalIDString = AAF3FF311B1D085A0046AF77;
			remoteInfo = blocnotesShare;
		};
/* End PBXContainerItemProxy section */

/* Begin PBXCopyFilesBuildPhase section */
		AAF3FF411B1D085A0046AF77 /* Embed App Extensions */ = {
			isa = PBXCopyFilesBuildPhase;
			buildActionMask = 2147483647;
			dstPath = "";
			dstSubfolderSpec = 13;
			files = (
				AAF3FF3D1B1D085A0046AF77 /* blocnotesShare.appex in Embed App Extensions */,
				AAE481601B4732E8001EAC63 /* blocnotes WatchKit Extension.appex in Embed App Extensions */,
			);
			name = "Embed App Extensions";
			runOnlyForDeploymentPostprocessing = 0;
		};
/* End PBXCopyFilesBuildPhase section */

/* Begin PBXFileReference section */
		AA3DA5D21B069D59001D7036 /* blocnotes.app */ = {isa = PBXFileReference; explicitFileType = wrapper.application; includeInIndex = 0; path = blocnotes.app; sourceTree = BUILT_PRODUCTS_DIR; };
		AA3DA5D61B069D59001D7036 /* Info.plist */ = {isa = PBXFileReference; lastKnownFileType = text.plist.xml; path = Info.plist; sourceTree = "<group>"; };
		AA3DA5D71B069D59001D7036 /* main.m */ = {isa = PBXFileReference; lastKnownFileType = sourcecode.c.objc; path = main.m; sourceTree = "<group>"; };
		AA3DA5D91B069D59001D7036 /* AppDelegate.h */ = {isa = PBXFileReference; lastKnownFileType = sourcecode.c.h; path = AppDelegate.h; sourceTree = "<group>"; };
		AA3DA5DA1B069D59001D7036 /* AppDelegate.m */ = {isa = PBXFileReference; lastKnownFileType = sourcecode.c.objc; path = AppDelegate.m; sourceTree = "<group>"; };
		AA3DA5DD1B069D59001D7036 /* blocnotes.xcdatamodel */ = {isa = PBXFileReference; lastKnownFileType = wrapper.xcdatamodel; path = blocnotes.xcdatamodel; sourceTree = "<group>"; };
		AA3DA5DF1B069D59001D7036 /* MasterViewController.h */ = {isa = PBXFileReference; lastKnownFileType = sourcecode.c.h; path = MasterViewController.h; sourceTree = "<group>"; };
		AA3DA5E01B069D59001D7036 /* MasterViewController.m */ = {isa = PBXFileReference; lastKnownFileType = sourcecode.c.objc; path = MasterViewController.m; sourceTree = "<group>"; };
		AA3DA5E21B069D59001D7036 /* DetailViewController.h */ = {isa = PBXFileReference; lastKnownFileType = sourcecode.c.h; path = DetailViewController.h; sourceTree = "<group>"; };
		AA3DA5E31B069D59001D7036 /* DetailViewController.m */ = {isa = PBXFileReference; lastKnownFileType = sourcecode.c.objc; path = DetailViewController.m; sourceTree = "<group>"; };
		AA3DA5E61B069D59001D7036 /* Base */ = {isa = PBXFileReference; lastKnownFileType = file.storyboard; name = Base; path = Base.lproj/Main.storyboard; sourceTree = "<group>"; };
		AA3DA5E81B069D59001D7036 /* Images.xcassets */ = {isa = PBXFileReference; lastKnownFileType = folder.assetcatalog; path = Images.xcassets; sourceTree = "<group>"; };
		AA3DA5EB1B069D59001D7036 /* Base */ = {isa = PBXFileReference; lastKnownFileType = file.xib; name = Base; path = Base.lproj/LaunchScreen.xib; sourceTree = "<group>"; };
		AA3DA5F11B069D5A001D7036 /* blocnotesTests.xctest */ = {isa = PBXFileReference; explicitFileType = wrapper.cfbundle; includeInIndex = 0; path = blocnotesTests.xctest; sourceTree = BUILT_PRODUCTS_DIR; };
		AA3DA5F61B069D5A001D7036 /* Info.plist */ = {isa = PBXFileReference; lastKnownFileType = text.plist.xml; path = Info.plist; sourceTree = "<group>"; };
		AA3DA5F71B069D5A001D7036 /* blocnotesTests.m */ = {isa = PBXFileReference; lastKnownFileType = sourcecode.c.objc; path = blocnotesTests.m; sourceTree = "<group>"; };
		AA76FC471B0D046700D1CE03 /* blocnotes v2.xcdatamodel */ = {isa = PBXFileReference; lastKnownFileType = wrapper.xcdatamodel; path = "blocnotes v2.xcdatamodel"; sourceTree = "<group>"; };
		AA8DCF171B177005003A6853 /* NoteDataManager.h */ = {isa = PBXFileReference; fileEncoding = 4; lastKnownFileType = sourcecode.c.h; path = NoteDataManager.h; sourceTree = "<group>"; };
		AA8DCF181B177005003A6853 /* NoteDataManager.m */ = {isa = PBXFileReference; fileEncoding = 4; lastKnownFileType = sourcecode.c.objc; path = NoteDataManager.m; sourceTree = "<group>"; };
		AAAB38001B49A86000E273C8 /* NoteDetailController.h */ = {isa = PBXFileReference; fileEncoding = 4; lastKnownFileType = sourcecode.c.h; path = NoteDetailController.h; sourceTree = "<group>"; };
		AAAB38011B49A86000E273C8 /* NoteDetailController.m */ = {isa = PBXFileReference; fileEncoding = 4; lastKnownFileType = sourcecode.c.objc; path = NoteDetailController.m; sourceTree = "<group>"; };
		AAAB38031B49C4A000E273C8 /* blocnotes-PrefixHeader.pch */ = {isa = PBXFileReference; lastKnownFileType = sourcecode.c.h; path = "blocnotes-PrefixHeader.pch"; sourceTree = "<group>"; };
		AAE481471B4732E8001EAC63 /* blocnotes WatchKit Extension.appex */ = {isa = PBXFileReference; explicitFileType = "wrapper.app-extension"; includeInIndex = 0; path = "blocnotes WatchKit Extension.appex"; sourceTree = BUILT_PRODUCTS_DIR; };
		AAE4814A1B4732E8001EAC63 /* Info.plist */ = {isa = PBXFileReference; lastKnownFileType = text.plist.xml; path = Info.plist; sourceTree = "<group>"; };
		AAE4814B1B4732E8001EAC63 /* InterfaceController.h */ = {isa = PBXFileReference; lastKnownFileType = sourcecode.c.h; path = InterfaceController.h; sourceTree = "<group>"; };
		AAE4814C1B4732E8001EAC63 /* InterfaceController.m */ = {isa = PBXFileReference; lastKnownFileType = sourcecode.c.objc; path = InterfaceController.m; sourceTree = "<group>"; };
		AAE4814E1B4732E8001EAC63 /* Images.xcassets */ = {isa = PBXFileReference; lastKnownFileType = folder.assetcatalog; path = Images.xcassets; sourceTree = "<group>"; };
		AAE481521B4732E8001EAC63 /* blocnotes WatchKit App.app */ = {isa = PBXFileReference; explicitFileType = wrapper.application; includeInIndex = 0; path = "blocnotes WatchKit App.app"; sourceTree = BUILT_PRODUCTS_DIR; };
		AAE481581B4732E8001EAC63 /* Info.plist */ = {isa = PBXFileReference; lastKnownFileType = text.plist.xml; path = Info.plist; sourceTree = "<group>"; };
		AAE4815A1B4732E8001EAC63 /* Base */ = {isa = PBXFileReference; lastKnownFileType = file.storyboard; name = Base; path = Base.lproj/Interface.storyboard; sourceTree = "<group>"; };
		AAE4815C1B4732E8001EAC63 /* Images.xcassets */ = {isa = PBXFileReference; lastKnownFileType = folder.assetcatalog; path = Images.xcassets; sourceTree = "<group>"; };
		AAE4816B1B4733B2001EAC63 /* blocnotes WatchKit Extension.entitlements */ = {isa = PBXFileReference; lastKnownFileType = text.xml; path = "blocnotes WatchKit Extension.entitlements"; sourceTree = "<group>"; };
		AAE481721B482831001EAC63 /* NoteRowController.h */ = {isa = PBXFileReference; fileEncoding = 4; lastKnownFileType = sourcecode.c.h; path = NoteRowController.h; sourceTree = "<group>"; };
		AAE481731B482831001EAC63 /* NoteRowController.m */ = {isa = PBXFileReference; fileEncoding = 4; lastKnownFileType = sourcecode.c.objc; path = NoteRowController.m; sourceTree = "<group>"; };
		AAF3FF321B1D085A0046AF77 /* blocnotesShare.appex */ = {isa = PBXFileReference; explicitFileType = "wrapper.app-extension"; includeInIndex = 0; path = blocnotesShare.appex; sourceTree = BUILT_PRODUCTS_DIR; };
		AAF3FF351B1D085A0046AF77 /* Info.plist */ = {isa = PBXFileReference; lastKnownFileType = text.plist.xml; path = Info.plist; sourceTree = "<group>"; };
		AAF3FF361B1D085A0046AF77 /* ShareViewController.h */ = {isa = PBXFileReference; lastKnownFileType = sourcecode.c.h; path = ShareViewController.h; sourceTree = "<group>"; };
		AAF3FF371B1D085A0046AF77 /* ShareViewController.m */ = {isa = PBXFileReference; lastKnownFileType = sourcecode.c.objc; path = ShareViewController.m; sourceTree = "<group>"; };
		AAF3FF391B1D085A0046AF77 /* MainInterface.storyboard */ = {isa = PBXFileReference; lastKnownFileType = file.storyboard; path = MainInterface.storyboard; sourceTree = "<group>"; };
		AAF3FF421B1D0D910046AF77 /* blocnotes.entitlements */ = {isa = PBXFileReference; lastKnownFileType = text.xml; path = blocnotes.entitlements; sourceTree = "<group>"; };
		AAF3FF431B1D0DB20046AF77 /* blocnotesShare.entitlements */ = {isa = PBXFileReference; lastKnownFileType = text.xml; path = blocnotesShare.entitlements; sourceTree = "<group>"; };
/* End PBXFileReference section */

/* Begin PBXFrameworksBuildPhase section */
		AA3DA5CF1B069D59001D7036 /* Frameworks */ = {
			isa = PBXFrameworksBuildPhase;
			buildActionMask = 2147483647;
			files = (
			);
			runOnlyForDeploymentPostprocessing = 0;
		};
		AA3DA5EE1B069D5A001D7036 /* Frameworks */ = {
			isa = PBXFrameworksBuildPhase;
			buildActionMask = 2147483647;
			files = (
			);
			runOnlyForDeploymentPostprocessing = 0;
		};
		AAE481441B4732E8001EAC63 /* Frameworks */ = {
			isa = PBXFrameworksBuildPhase;
			buildActionMask = 2147483647;
			files = (
			);
			runOnlyForDeploymentPostprocessing = 0;
		};
		AAF3FF2F1B1D085A0046AF77 /* Frameworks */ = {
			isa = PBXFrameworksBuildPhase;
			buildActionMask = 2147483647;
			files = (
			);
			runOnlyForDeploymentPostprocessing = 0;
		};
/* End PBXFrameworksBuildPhase section */

/* Begin PBXGroup section */
		AA3DA5C91B069D59001D7036 = {
			isa = PBXGroup;
			children = (
				AAAB38031B49C4A000E273C8 /* blocnotes-PrefixHeader.pch */,
				AA3DA5D41B069D59001D7036 /* blocnotes */,
				AA3DA5F41B069D5A001D7036 /* blocnotesTests */,
				AAF3FF331B1D085A0046AF77 /* blocnotesShare */,
				AAE481481B4732E8001EAC63 /* blocnotes WatchKit Extension */,
				AAE481561B4732E8001EAC63 /* blocnotes WatchKit App */,
				AA3DA5D31B069D59001D7036 /* Products */,
			);
			sourceTree = "<group>";
		};
		AA3DA5D31B069D59001D7036 /* Products */ = {
			isa = PBXGroup;
			children = (
				AA3DA5D21B069D59001D7036 /* blocnotes.app */,
				AA3DA5F11B069D5A001D7036 /* blocnotesTests.xctest */,
				AAF3FF321B1D085A0046AF77 /* blocnotesShare.appex */,
				AAE481471B4732E8001EAC63 /* blocnotes WatchKit Extension.appex */,
				AAE481521B4732E8001EAC63 /* blocnotes WatchKit App.app */,
			);
			name = Products;
			sourceTree = "<group>";
		};
		AA3DA5D41B069D59001D7036 /* blocnotes */ = {
			isa = PBXGroup;
			children = (
				AAF3FF421B1D0D910046AF77 /* blocnotes.entitlements */,
				AA8DCF1A1B177011003A6853 /* Model Objects */,
				AA3DA6041B091F25001D7036 /* ViewControllers */,
				AA3DA5D91B069D59001D7036 /* AppDelegate.h */,
				AA3DA5DA1B069D59001D7036 /* AppDelegate.m */,
				AA3DA5E51B069D59001D7036 /* Main.storyboard */,
				AA3DA5E81B069D59001D7036 /* Images.xcassets */,
				AA3DA5EA1B069D59001D7036 /* LaunchScreen.xib */,
				AA3DA5DC1B069D59001D7036 /* blocnotes.xcdatamodeld */,
				AA3DA5D51B069D59001D7036 /* Supporting Files */,
			);
			path = blocnotes;
			sourceTree = "<group>";
		};
		AA3DA5D51B069D59001D7036 /* Supporting Files */ = {
			isa = PBXGroup;
			children = (
				AA3DA5D61B069D59001D7036 /* Info.plist */,
				AA3DA5D71B069D59001D7036 /* main.m */,
			);
			name = "Supporting Files";
			sourceTree = "<group>";
		};
		AA3DA5F41B069D5A001D7036 /* blocnotesTests */ = {
			isa = PBXGroup;
			children = (
				AA3DA5F71B069D5A001D7036 /* blocnotesTests.m */,
				AA3DA5F51B069D5A001D7036 /* Supporting Files */,
			);
			path = blocnotesTests;
			sourceTree = "<group>";
		};
		AA3DA5F51B069D5A001D7036 /* Supporting Files */ = {
			isa = PBXGroup;
			children = (
				AA3DA5F61B069D5A001D7036 /* Info.plist */,
			);
			name = "Supporting Files";
			sourceTree = "<group>";
		};
		AA3DA6041B091F25001D7036 /* ViewControllers */ = {
			isa = PBXGroup;
			children = (
				AA3DA5DF1B069D59001D7036 /* MasterViewController.h */,
				AA3DA5E01B069D59001D7036 /* MasterViewController.m */,
				AA3DA5E21B069D59001D7036 /* DetailViewController.h */,
				AA3DA5E31B069D59001D7036 /* DetailViewController.m */,
			);
			name = ViewControllers;
			sourceTree = "<group>";
		};
		AA8DCF1A1B177011003A6853 /* Model Objects */ = {
			isa = PBXGroup;
			children = (
				AA8DCF171B177005003A6853 /* NoteDataManager.h */,
				AA8DCF181B177005003A6853 /* NoteDataManager.m */,
			);
			name = "Model Objects";
			sourceTree = "<group>";
		};
		AAE481481B4732E8001EAC63 /* blocnotes WatchKit Extension */ = {
			isa = PBXGroup;
			children = (
				AAE4816B1B4733B2001EAC63 /* blocnotes WatchKit Extension.entitlements */,
				AAE4814B1B4732E8001EAC63 /* InterfaceController.h */,
				AAE4814C1B4732E8001EAC63 /* InterfaceController.m */,
				AAE481721B482831001EAC63 /* NoteRowController.h */,
				AAE481731B482831001EAC63 /* NoteRowController.m */,
				AAAB38001B49A86000E273C8 /* NoteDetailController.h */,
				AAAB38011B49A86000E273C8 /* NoteDetailController.m */,
				AAE4814E1B4732E8001EAC63 /* Images.xcassets */,
				AAE481491B4732E8001EAC63 /* Supporting Files */,
			);
			path = "blocnotes WatchKit Extension";
			sourceTree = "<group>";
		};
		AAE481491B4732E8001EAC63 /* Supporting Files */ = {
			isa = PBXGroup;
			children = (
				AAE4814A1B4732E8001EAC63 /* Info.plist */,
			);
			name = "Supporting Files";
			sourceTree = "<group>";
		};
		AAE481561B4732E8001EAC63 /* blocnotes WatchKit App */ = {
			isa = PBXGroup;
			children = (
				AAE481591B4732E8001EAC63 /* Interface.storyboard */,
				AAE4815C1B4732E8001EAC63 /* Images.xcassets */,
				AAE481571B4732E8001EAC63 /* Supporting Files */,
			);
			path = "blocnotes WatchKit App";
			sourceTree = "<group>";
		};
		AAE481571B4732E8001EAC63 /* Supporting Files */ = {
			isa = PBXGroup;
			children = (
				AAE481581B4732E8001EAC63 /* Info.plist */,
			);
			name = "Supporting Files";
			sourceTree = "<group>";
		};
		AAF3FF331B1D085A0046AF77 /* blocnotesShare */ = {
			isa = PBXGroup;
			children = (
				AAF3FF431B1D0DB20046AF77 /* blocnotesShare.entitlements */,
				AAF3FF361B1D085A0046AF77 /* ShareViewController.h */,
				AAF3FF371B1D085A0046AF77 /* ShareViewController.m */,
				AAF3FF391B1D085A0046AF77 /* MainInterface.storyboard */,
				AAF3FF341B1D085A0046AF77 /* Supporting Files */,
			);
			path = blocnotesShare;
			sourceTree = "<group>";
		};
		AAF3FF341B1D085A0046AF77 /* Supporting Files */ = {
			isa = PBXGroup;
			children = (
				AAF3FF351B1D085A0046AF77 /* Info.plist */,
			);
			name = "Supporting Files";
			sourceTree = "<group>";
		};
/* End PBXGroup section */

/* Begin PBXNativeTarget section */
		AA3DA5D11B069D59001D7036 /* blocnotes */ = {
			isa = PBXNativeTarget;
			buildConfigurationList = AA3DA5FB1B069D5A001D7036 /* Build configuration list for PBXNativeTarget "blocnotes" */;
			buildPhases = (
				AA3DA5CE1B069D59001D7036 /* Sources */,
				AA3DA5CF1B069D59001D7036 /* Frameworks */,
				AA3DA5D01B069D59001D7036 /* Resources */,
				AAF3FF411B1D085A0046AF77 /* Embed App Extensions */,
			);
			buildRules = (
			);
			dependencies = (
				AAF3FF3C1B1D085A0046AF77 /* PBXTargetDependency */,
				AAE4815F1B4732E8001EAC63 /* PBXTargetDependency */,
			);
			name = blocnotes;
			productName = blocnotes;
			productReference = AA3DA5D21B069D59001D7036 /* blocnotes.app */;
			productType = "com.apple.product-type.application";
		};
		AA3DA5F01B069D5A001D7036 /* blocnotesTests */ = {
			isa = PBXNativeTarget;
			buildConfigurationList = AA3DA5FE1B069D5A001D7036 /* Build configuration list for PBXNativeTarget "blocnotesTests" */;
			buildPhases = (
				AA3DA5ED1B069D5A001D7036 /* Sources */,
				AA3DA5EE1B069D5A001D7036 /* Frameworks */,
				AA3DA5EF1B069D5A001D7036 /* Resources */,
			);
			buildRules = (
			);
			dependencies = (
				AA3DA5F31B069D5A001D7036 /* PBXTargetDependency */,
			);
			name = blocnotesTests;
			productName = blocnotesTests;
			productReference = AA3DA5F11B069D5A001D7036 /* blocnotesTests.xctest */;
			productType = "com.apple.product-type.bundle.unit-test";
		};
		AAE481461B4732E8001EAC63 /* blocnotes WatchKit Extension */ = {
			isa = PBXNativeTarget;
			buildConfigurationList = AAE481641B4732E8001EAC63 /* Build configuration list for PBXNativeTarget "blocnotes WatchKit Extension" */;
			buildPhases = (
				AAE481431B4732E8001EAC63 /* Sources */,
				AAE481441B4732E8001EAC63 /* Frameworks */,
				AAE481451B4732E8001EAC63 /* Resources */,
			);
			buildRules = (
			);
			dependencies = (
				AAE481551B4732E8001EAC63 /* PBXTargetDependency */,
			);
			name = "blocnotes WatchKit Extension";
			productName = "blocnotes WatchKit Extension";
			productReference = AAE481471B4732E8001EAC63 /* blocnotes WatchKit Extension.appex */;
			productType = "com.apple.product-type.watchkit-extension";
		};
		AAE481511B4732E8001EAC63 /* blocnotes WatchKit App */ = {
			isa = PBXNativeTarget;
			buildConfigurationList = AAE481611B4732E8001EAC63 /* Build configuration list for PBXNativeTarget "blocnotes WatchKit App" */;
			buildPhases = (
				AAE481501B4732E8001EAC63 /* Resources */,
			);
			buildRules = (
			);
			dependencies = (
			);
			name = "blocnotes WatchKit App";
			productName = "blocnotes WatchKit App";
			productReference = AAE481521B4732E8001EAC63 /* blocnotes WatchKit App.app */;
			productType = "com.apple.product-type.application.watchapp";
		};
		AAF3FF311B1D085A0046AF77 /* blocnotesShare */ = {
			isa = PBXNativeTarget;
			buildConfigurationList = AAF3FF3E1B1D085A0046AF77 /* Build configuration list for PBXNativeTarget "blocnotesShare" */;
			buildPhases = (
				AAF3FF2E1B1D085A0046AF77 /* Sources */,
				AAF3FF2F1B1D085A0046AF77 /* Frameworks */,
				AAF3FF301B1D085A0046AF77 /* Resources */,
			);
			buildRules = (
			);
			dependencies = (
			);
			name = blocnotesShare;
			productName = blocnotesShare;
			productReference = AAF3FF321B1D085A0046AF77 /* blocnotesShare.appex */;
			productType = "com.apple.product-type.app-extension";
		};
/* End PBXNativeTarget section */

/* Begin PBXProject section */
		AA3DA5CA1B069D59001D7036 /* Project object */ = {
			isa = PBXProject;
			attributes = {
				LastUpgradeCheck = 0630;
				ORGANIZATIONNAME = dkusznir;
				TargetAttributes = {
					AA3DA5D11B069D59001D7036 = {
						CreatedOnToolsVersion = 6.3.1;
						DevelopmentTeam = D6ZR72498B;
						SystemCapabilities = {
							com.apple.ApplicationGroups.iOS = {
								enabled = 1;
							};
							com.apple.iCloud = {
								enabled = 1;
							};
						};
					};
					AA3DA5F01B069D5A001D7036 = {
						CreatedOnToolsVersion = 6.3.1;
						TestTargetID = AA3DA5D11B069D59001D7036;
					};
					AAE481461B4732E8001EAC63 = {
						CreatedOnToolsVersion = 6.3.1;
						DevelopmentTeam = D6ZR72498B;
						SystemCapabilities = {
							com.apple.ApplicationGroups.iOS = {
								enabled = 1;
							};
						};
					};
					AAE481511B4732E8001EAC63 = {
						CreatedOnToolsVersion = 6.3.1;
					};
					AAF3FF311B1D085A0046AF77 = {
						CreatedOnToolsVersion = 6.3.1;
						DevelopmentTeam = D6ZR72498B;
						SystemCapabilities = {
							com.apple.ApplicationGroups.iOS = {
								enabled = 1;
							};
							com.apple.iCloud = {
								enabled = 1;
							};
						};
					};
				};
			};
			buildConfigurationList = AA3DA5CD1B069D59001D7036 /* Build configuration list for PBXProject "blocnotes" */;
			compatibilityVersion = "Xcode 3.2";
			developmentRegion = English;
			hasScannedForEncodings = 0;
			knownRegions = (
				en,
				Base,
			);
			mainGroup = AA3DA5C91B069D59001D7036;
			productRefGroup = AA3DA5D31B069D59001D7036 /* Products */;
			projectDirPath = "";
			projectRoot = "";
			targets = (
				AA3DA5D11B069D59001D7036 /* blocnotes */,
				AA3DA5F01B069D5A001D7036 /* blocnotesTests */,
				AAF3FF311B1D085A0046AF77 /* blocnotesShare */,
				AAE481461B4732E8001EAC63 /* blocnotes WatchKit Extension */,
				AAE481511B4732E8001EAC63 /* blocnotes WatchKit App */,
			);
		};
/* End PBXProject section */

/* Begin PBXResourcesBuildPhase section */
		AA3DA5D01B069D59001D7036 /* Resources */ = {
			isa = PBXResourcesBuildPhase;
			buildActionMask = 2147483647;
			files = (
				AAE481671B4732FC001EAC63 /* Interface.storyboard in Resources */,
				AA3DA5E71B069D59001D7036 /* Main.storyboard in Resources */,
				AA3DA5EC1B069D59001D7036 /* LaunchScreen.xib in Resources */,
				AA3DA5E91B069D59001D7036 /* Images.xcassets in Resources */,
			);
			runOnlyForDeploymentPostprocessing = 0;
		};
		AA3DA5EF1B069D5A001D7036 /* Resources */ = {
			isa = PBXResourcesBuildPhase;
			buildActionMask = 2147483647;
			files = (
			);
			runOnlyForDeploymentPostprocessing = 0;
		};
		AAE481451B4732E8001EAC63 /* Resources */ = {
			isa = PBXResourcesBuildPhase;
			buildActionMask = 2147483647;
			files = (
				AAE481531B4732E8001EAC63 /* blocnotes WatchKit App.app in Resources */,
				AAE4814F1B4732E8001EAC63 /* Images.xcassets in Resources */,
			);
			runOnlyForDeploymentPostprocessing = 0;
		};
		AAE481501B4732E8001EAC63 /* Resources */ = {
			isa = PBXResourcesBuildPhase;
			buildActionMask = 2147483647;
			files = (
				AAE4815B1B4732E8001EAC63 /* Interface.storyboard in Resources */,
				AAE4815D1B4732E8001EAC63 /* Images.xcassets in Resources */,
			);
			runOnlyForDeploymentPostprocessing = 0;
		};
		AAF3FF301B1D085A0046AF77 /* Resources */ = {
			isa = PBXResourcesBuildPhase;
			buildActionMask = 2147483647;
			files = (
				AAF3FF3A1B1D085A0046AF77 /* MainInterface.storyboard in Resources */,
			);
			runOnlyForDeploymentPostprocessing = 0;
		};
/* End PBXResourcesBuildPhase section */

/* Begin PBXSourcesBuildPhase section */
		AA3DA5CE1B069D59001D7036 /* Sources */ = {
			isa = PBXSourcesBuildPhase;
			buildActionMask = 2147483647;
			files = (
				AA3DA5E41B069D59001D7036 /* DetailViewController.m in Sources */,
				AAE481751B4830C4001EAC63 /* NoteRowController.m in Sources */,
				AA3DA5E11B069D59001D7036 /* MasterViewController.m in Sources */,
				AA3DA5DB1B069D59001D7036 /* AppDelegate.m in Sources */,
				AA8DCF191B177005003A6853 /* NoteDataManager.m in Sources */,
				AAF3FF491B1F59EB0046AF77 /* ShareViewController.m in Sources */,
				AAE481681B47339A001EAC63 /* InterfaceController.m in Sources */,
				AA3DA5D81B069D59001D7036 /* main.m in Sources */,
				AA3DA5DE1B069D59001D7036 /* blocnotes.xcdatamodeld in Sources */,
			);
			runOnlyForDeploymentPostprocessing = 0;
		};
		AA3DA5ED1B069D5A001D7036 /* Sources */ = {
			isa = PBXSourcesBuildPhase;
			buildActionMask = 2147483647;
			files = (
				AA3DA5F81B069D5A001D7036 /* blocnotesTests.m in Sources */,
			);
			runOnlyForDeploymentPostprocessing = 0;
		};
		AAE481431B4732E8001EAC63 /* Sources */ = {
			isa = PBXSourcesBuildPhase;
			buildActionMask = 2147483647;
			files = (
				AAE481741B482831001EAC63 /* NoteRowController.m in Sources */,
				AAE4816A1B4733A5001EAC63 /* NoteDataManager.m in Sources */,
				AAE4814D1B4732E8001EAC63 /* InterfaceController.m in Sources */,
				AAE481691B4733A0001EAC63 /* blocnotes.xcdatamodeld in Sources */,
				AAAB38021B49A86000E273C8 /* NoteDetailController.m in Sources */,
			);
			runOnlyForDeploymentPostprocessing = 0;
		};
		AAF3FF2E1B1D085A0046AF77 /* Sources */ = {
			isa = PBXSourcesBuildPhase;
			buildActionMask = 2147483647;
			files = (
				AAF3FF381B1D085A0046AF77 /* ShareViewController.m in Sources */,
				AAF3FF441B1D19900046AF77 /* blocnotes.xcdatamodeld in Sources */,
				AAFC41431B45E26100314944 /* NoteDataManager.m in Sources */,
			);
			runOnlyForDeploymentPostprocessing = 0;
		};
/* End PBXSourcesBuildPhase section */

/* Begin PBXTargetDependency section */
		AA3DA5F31B069D5A001D7036 /* PBXTargetDependency */ = {
			isa = PBXTargetDependency;
			target = AA3DA5D11B069D59001D7036 /* blocnotes */;
			targetProxy = AA3DA5F21B069D5A001D7036 /* PBXContainerItemProxy */;
		};
		AAE481551B4732E8001EAC63 /* PBXTargetDependency */ = {
			isa = PBXTargetDependency;
			target = AAE481511B4732E8001EAC63 /* blocnotes WatchKit App */;
			targetProxy = AAE481541B4732E8001EAC63 /* PBXContainerItemProxy */;
		};
		AAE4815F1B4732E8001EAC63 /* PBXTargetDependency */ = {
			isa = PBXTargetDependency;
			target = AAE481461B4732E8001EAC63 /* blocnotes WatchKit Extension */;
			targetProxy = AAE4815E1B4732E8001EAC63 /* PBXContainerItemProxy */;
		};
		AAF3FF3C1B1D085A0046AF77 /* PBXTargetDependency */ = {
			isa = PBXTargetDependency;
			target = AAF3FF311B1D085A0046AF77 /* blocnotesShare */;
			targetProxy = AAF3FF3B1B1D085A0046AF77 /* PBXContainerItemProxy */;
		};
/* End PBXTargetDependency section */

/* Begin PBXVariantGroup section */
		AA3DA5E51B069D59001D7036 /* Main.storyboard */ = {
			isa = PBXVariantGroup;
			children = (
				AA3DA5E61B069D59001D7036 /* Base */,
			);
			name = Main.storyboard;
			sourceTree = "<group>";
		};
		AA3DA5EA1B069D59001D7036 /* LaunchScreen.xib */ = {
			isa = PBXVariantGroup;
			children = (
				AA3DA5EB1B069D59001D7036 /* Base */,
			);
			name = LaunchScreen.xib;
			sourceTree = "<group>";
		};
		AAE481591B4732E8001EAC63 /* Interface.storyboard */ = {
			isa = PBXVariantGroup;
			children = (
				AAE4815A1B4732E8001EAC63 /* Base */,
			);
			name = Interface.storyboard;
			sourceTree = "<group>";
		};
/* End PBXVariantGroup section */

/* Begin XCBuildConfiguration section */
		AA3DA5F91B069D5A001D7036 /* Debug */ = {
			isa = XCBuildConfiguration;
			buildSettings = {
				ALWAYS_SEARCH_USER_PATHS = NO;
				CLANG_CXX_LANGUAGE_STANDARD = "gnu++0x";
				CLANG_CXX_LIBRARY = "libc++";
				CLANG_ENABLE_MODULES = YES;
				CLANG_ENABLE_OBJC_ARC = YES;
				CLANG_WARN_BOOL_CONVERSION = YES;
				CLANG_WARN_CONSTANT_CONVERSION = YES;
				CLANG_WARN_DIRECT_OBJC_ISA_USAGE = YES_ERROR;
				CLANG_WARN_EMPTY_BODY = YES;
				CLANG_WARN_ENUM_CONVERSION = YES;
				CLANG_WARN_INT_CONVERSION = YES;
				CLANG_WARN_OBJC_ROOT_CLASS = YES_ERROR;
				CLANG_WARN_UNREACHABLE_CODE = YES;
				CLANG_WARN__DUPLICATE_METHOD_MATCH = YES;
				"CODE_SIGN_IDENTITY[sdk=iphoneos*]" = "iPhone Developer";
				COPY_PHASE_STRIP = NO;
				DEBUG_INFORMATION_FORMAT = "dwarf-with-dsym";
				ENABLE_STRICT_OBJC_MSGSEND = YES;
				GCC_C_LANGUAGE_STANDARD = gnu99;
				GCC_DYNAMIC_NO_PIC = NO;
				GCC_NO_COMMON_BLOCKS = YES;
				GCC_OPTIMIZATION_LEVEL = 0;
				GCC_PRECOMPILE_PREFIX_HEADER = YES;
				GCC_PREFIX_HEADER = "blocnotes-PrefixHeader.pch";
				GCC_PREPROCESSOR_DEFINITIONS = (
					"DEBUG=1",
					"$(inherited)",
				);
				GCC_SYMBOLS_PRIVATE_EXTERN = NO;
				GCC_WARN_64_TO_32_BIT_CONVERSION = YES;
				GCC_WARN_ABOUT_RETURN_TYPE = YES_ERROR;
				GCC_WARN_UNDECLARED_SELECTOR = YES;
				GCC_WARN_UNINITIALIZED_AUTOS = YES_AGGRESSIVE;
				GCC_WARN_UNUSED_FUNCTION = YES;
				GCC_WARN_UNUSED_VARIABLE = YES;
				IPHONEOS_DEPLOYMENT_TARGET = 8.3;
				MTL_ENABLE_DEBUG_INFO = YES;
				ONLY_ACTIVE_ARCH = YES;
				SDKROOT = iphoneos;
				TARGETED_DEVICE_FAMILY = "1,2";
			};
			name = Debug;
		};
		AA3DA5FA1B069D5A001D7036 /* Release */ = {
			isa = XCBuildConfiguration;
			buildSettings = {
				ALWAYS_SEARCH_USER_PATHS = NO;
				CLANG_CXX_LANGUAGE_STANDARD = "gnu++0x";
				CLANG_CXX_LIBRARY = "libc++";
				CLANG_ENABLE_MODULES = YES;
				CLANG_ENABLE_OBJC_ARC = YES;
				CLANG_WARN_BOOL_CONVERSION = YES;
				CLANG_WARN_CONSTANT_CONVERSION = YES;
				CLANG_WARN_DIRECT_OBJC_ISA_USAGE = YES_ERROR;
				CLANG_WARN_EMPTY_BODY = YES;
				CLANG_WARN_ENUM_CONVERSION = YES;
				CLANG_WARN_INT_CONVERSION = YES;
				CLANG_WARN_OBJC_ROOT_CLASS = YES_ERROR;
				CLANG_WARN_UNREACHABLE_CODE = YES;
				CLANG_WARN__DUPLICATE_METHOD_MATCH = YES;
				"CODE_SIGN_IDENTITY[sdk=iphoneos*]" = "iPhone Developer";
				COPY_PHASE_STRIP = NO;
				DEBUG_INFORMATION_FORMAT = "dwarf-with-dsym";
				ENABLE_NS_ASSERTIONS = NO;
				ENABLE_STRICT_OBJC_MSGSEND = YES;
				GCC_C_LANGUAGE_STANDARD = gnu99;
				GCC_NO_COMMON_BLOCKS = YES;
				GCC_PRECOMPILE_PREFIX_HEADER = YES;
				GCC_PREFIX_HEADER = "blocnotes-PrefixHeader.pch";
				GCC_WARN_64_TO_32_BIT_CONVERSION = YES;
				GCC_WARN_ABOUT_RETURN_TYPE = YES_ERROR;
				GCC_WARN_UNDECLARED_SELECTOR = YES;
				GCC_WARN_UNINITIALIZED_AUTOS = YES_AGGRESSIVE;
				GCC_WARN_UNUSED_FUNCTION = YES;
				GCC_WARN_UNUSED_VARIABLE = YES;
				IPHONEOS_DEPLOYMENT_TARGET = 8.3;
				MTL_ENABLE_DEBUG_INFO = NO;
				SDKROOT = iphoneos;
				TARGETED_DEVICE_FAMILY = "1,2";
				VALIDATE_PRODUCT = YES;
			};
			name = Release;
		};
		AA3DA5FC1B069D5A001D7036 /* Debug */ = {
			isa = XCBuildConfiguration;
			buildSettings = {
				ASSETCATALOG_COMPILER_APPICON_NAME = AppIcon;
				CODE_SIGN_ENTITLEMENTS = blocnotes/blocnotes.entitlements;
				CODE_SIGN_IDENTITY = "iPhone Developer";
				"CODE_SIGN_IDENTITY[sdk=iphoneos*]" = "iPhone Developer";
				GCC_PRECOMPILE_PREFIX_HEADER = YES;
				INFOPLIST_FILE = blocnotes/Info.plist;
				LD_RUNPATH_SEARCH_PATHS = "$(inherited) @executable_path/Frameworks";
				PRODUCT_NAME = "$(TARGET_NAME)";
				PROVISIONING_PROFILE = "";
			};
			name = Debug;
		};
		AA3DA5FD1B069D5A001D7036 /* Release */ = {
			isa = XCBuildConfiguration;
			buildSettings = {
				ASSETCATALOG_COMPILER_APPICON_NAME = AppIcon;
				CODE_SIGN_ENTITLEMENTS = blocnotes/blocnotes.entitlements;
				CODE_SIGN_IDENTITY = "iPhone Developer";
				"CODE_SIGN_IDENTITY[sdk=iphoneos*]" = "iPhone Developer";
				GCC_PRECOMPILE_PREFIX_HEADER = YES;
				INFOPLIST_FILE = blocnotes/Info.plist;
				LD_RUNPATH_SEARCH_PATHS = "$(inherited) @executable_path/Frameworks";
				PRODUCT_NAME = "$(TARGET_NAME)";
				PROVISIONING_PROFILE = "";
			};
			name = Release;
		};
		AA3DA5FF1B069D5A001D7036 /* Debug */ = {
			isa = XCBuildConfiguration;
			buildSettings = {
				BUNDLE_LOADER = "$(TEST_HOST)";
				FRAMEWORK_SEARCH_PATHS = (
					"$(SDKROOT)/Developer/Library/Frameworks",
					"$(inherited)",
				);
				GCC_PREPROCESSOR_DEFINITIONS = (
					"DEBUG=1",
					"$(inherited)",
				);
				INFOPLIST_FILE = blocnotesTests/Info.plist;
				LD_RUNPATH_SEARCH_PATHS = "$(inherited) @executable_path/Frameworks @loader_path/Frameworks";
				PRODUCT_NAME = "$(TARGET_NAME)";
				TEST_HOST = "$(BUILT_PRODUCTS_DIR)/blocnotes.app/blocnotes";
			};
			name = Debug;
		};
		AA3DA6001B069D5A001D7036 /* Release */ = {
			isa = XCBuildConfiguration;
			buildSettings = {
				BUNDLE_LOADER = "$(TEST_HOST)";
				FRAMEWORK_SEARCH_PATHS = (
					"$(SDKROOT)/Developer/Library/Frameworks",
					"$(inherited)",
				);
				INFOPLIST_FILE = blocnotesTests/Info.plist;
				LD_RUNPATH_SEARCH_PATHS = "$(inherited) @executable_path/Frameworks @loader_path/Frameworks";
				PRODUCT_NAME = "$(TARGET_NAME)";
				TEST_HOST = "$(BUILT_PRODUCTS_DIR)/blocnotes.app/blocnotes";
			};
			name = Release;
		};
		AAE481621B4732E8001EAC63 /* Debug */ = {
			isa = XCBuildConfiguration;
			buildSettings = {
				ASSETCATALOG_COMPILER_APPICON_NAME = AppIcon;
				GCC_PREPROCESSOR_DEFINITIONS = DEBUG;
				IBSC_MODULE = blocnotes_WatchKit_Extension;
				INFOPLIST_FILE = "blocnotes WatchKit App/Info.plist";
				IPHONEOS_DEPLOYMENT_TARGET = 8.2;
				PRODUCT_NAME = "$(TARGET_NAME)";
				SKIP_INSTALL = YES;
				TARGETED_DEVICE_FAMILY = 4;
				"TARGETED_DEVICE_FAMILY[sdk=iphonesimulator*]" = "1,4";
			};
			name = Debug;
		};
		AAE481631B4732E8001EAC63 /* Release */ = {
			isa = XCBuildConfiguration;
			buildSettings = {
				ASSETCATALOG_COMPILER_APPICON_NAME = AppIcon;
				IBSC_MODULE = blocnotes_WatchKit_Extension;
				INFOPLIST_FILE = "blocnotes WatchKit App/Info.plist";
				IPHONEOS_DEPLOYMENT_TARGET = 8.2;
				PRODUCT_NAME = "$(TARGET_NAME)";
				SKIP_INSTALL = YES;
				TARGETED_DEVICE_FAMILY = 4;
				"TARGETED_DEVICE_FAMILY[sdk=iphonesimulator*]" = "1,4";
			};
			name = Release;
		};
		AAE481651B4732E8001EAC63 /* Debug */ = {
			isa = XCBuildConfiguration;
			buildSettings = {
				CODE_SIGN_ENTITLEMENTS = "blocnotes WatchKit Extension/blocnotes WatchKit Extension.entitlements";
				CODE_SIGN_IDENTITY = "iPhone Developer";
				"CODE_SIGN_IDENTITY[sdk=iphoneos*]" = "iPhone Developer";
				GCC_PREPROCESSOR_DEFINITIONS = (
					"DEBUG=1",
					"$(inherited)",
				);
				INFOPLIST_FILE = "blocnotes WatchKit Extension/Info.plist";
				LD_RUNPATH_SEARCH_PATHS = "$(inherited) @executable_path/Frameworks @executable_path/../../Frameworks";
				PRODUCT_NAME = "${TARGET_NAME}";
				PROVISIONING_PROFILE = "";
				SKIP_INSTALL = YES;
			};
			name = Debug;
		};
		AAE481661B4732E8001EAC63 /* Release */ = {
			isa = XCBuildConfiguration;
			buildSettings = {
				CODE_SIGN_ENTITLEMENTS = "blocnotes WatchKit Extension/blocnotes WatchKit Extension.entitlements";
				CODE_SIGN_IDENTITY = "iPhone Developer";
				"CODE_SIGN_IDENTITY[sdk=iphoneos*]" = "iPhone Developer";
				INFOPLIST_FILE = "blocnotes WatchKit Extension/Info.plist";
				LD_RUNPATH_SEARCH_PATHS = "$(inherited) @executable_path/Frameworks @executable_path/../../Frameworks";
				PRODUCT_NAME = "${TARGET_NAME}";
				PROVISIONING_PROFILE = "";
				SKIP_INSTALL = YES;
			};
			name = Release;
		};
		AAF3FF3F1B1D085A0046AF77 /* Debug */ = {
			isa = XCBuildConfiguration;
			buildSettings = {
				CODE_SIGN_ENTITLEMENTS = blocnotesShare/blocnotesShare.entitlements;
				CODE_SIGN_IDENTITY = "iPhone Developer";
				"CODE_SIGN_IDENTITY[sdk=iphoneos*]" = "iPhone Developer";
				GCC_PREPROCESSOR_DEFINITIONS = (
					"DEBUG=1",
					"$(inherited)",
				);
				INFOPLIST_FILE = blocnotesShare/Info.plist;
				LD_RUNPATH_SEARCH_PATHS = "$(inherited) @executable_path/Frameworks @executable_path/../../Frameworks";
				PRODUCT_NAME = "$(TARGET_NAME)";
				PROVISIONING_PROFILE = "";
				SKIP_INSTALL = YES;
			};
			name = Debug;
		};
		AAF3FF401B1D085A0046AF77 /* Release */ = {
			isa = XCBuildConfiguration;
			buildSettings = {
				CODE_SIGN_ENTITLEMENTS = blocnotesShare/blocnotesShare.entitlements;
				CODE_SIGN_IDENTITY = "iPhone Developer";
				"CODE_SIGN_IDENTITY[sdk=iphoneos*]" = "iPhone Developer";
				INFOPLIST_FILE = blocnotesShare/Info.plist;
				LD_RUNPATH_SEARCH_PATHS = "$(inherited) @executable_path/Frameworks @executable_path/../../Frameworks";
				PRODUCT_NAME = "$(TARGET_NAME)";
				PROVISIONING_PROFILE = "";
				SKIP_INSTALL = YES;
			};
			name = Release;
		};
/* End XCBuildConfiguration section */

/* Begin XCConfigurationList section */
		AA3DA5CD1B069D59001D7036 /* Build configuration list for PBXProject "blocnotes" */ = {
			isa = XCConfigurationList;
			buildConfigurations = (
				AA3DA5F91B069D5A001D7036 /* Debug */,
				AA3DA5FA1B069D5A001D7036 /* Release */,
			);
			defaultConfigurationIsVisible = 0;
			defaultConfigurationName = Release;
		};
		AA3DA5FB1B069D5A001D7036 /* Build configuration list for PBXNativeTarget "blocnotes" */ = {
			isa = XCConfigurationList;
			buildConfigurations = (
				AA3DA5FC1B069D5A001D7036 /* Debug */,
				AA3DA5FD1B069D5A001D7036 /* Release */,
			);
			defaultConfigurationIsVisible = 0;
			defaultConfigurationName = Release;
		};
		AA3DA5FE1B069D5A001D7036 /* Build configuration list for PBXNativeTarget "blocnotesTests" */ = {
			isa = XCConfigurationList;
			buildConfigurations = (
				AA3DA5FF1B069D5A001D7036 /* Debug */,
				AA3DA6001B069D5A001D7036 /* Release */,
			);
			defaultConfigurationIsVisible = 0;
			defaultConfigurationName = Release;
		};
		AAE481611B4732E8001EAC63 /* Build configuration list for PBXNativeTarget "blocnotes WatchKit App" */ = {
			isa = XCConfigurationList;
			buildConfigurations = (
				AAE481621B4732E8001EAC63 /* Debug */,
				AAE481631B4732E8001EAC63 /* Release */,
			);
			defaultConfigurationIsVisible = 0;
			defaultConfigurationName = Release;
		};
		AAE481641B4732E8001EAC63 /* Build configuration list for PBXNativeTarget "blocnotes WatchKit Extension" */ = {
			isa = XCConfigurationList;
			buildConfigurations = (
				AAE481651B4732E8001EAC63 /* Debug */,
				AAE481661B4732E8001EAC63 /* Release */,
			);
			defaultConfigurationIsVisible = 0;
			defaultConfigurationName = Release;
		};
		AAF3FF3E1B1D085A0046AF77 /* Build configuration list for PBXNativeTarget "blocnotesShare" */ = {
			isa = XCConfigurationList;
			buildConfigurations = (
				AAF3FF3F1B1D085A0046AF77 /* Debug */,
				AAF3FF401B1D085A0046AF77 /* Release */,
			);
			defaultConfigurationIsVisible = 0;
			defaultConfigurationName = Release;
		};
/* End XCConfigurationList section */

/* Begin XCVersionGroup section */
		AA3DA5DC1B069D59001D7036 /* blocnotes.xcdatamodeld */ = {
			isa = XCVersionGroup;
			children = (
				AA76FC471B0D046700D1CE03 /* blocnotes v2.xcdatamodel */,
				AA3DA5DD1B069D59001D7036 /* blocnotes.xcdatamodel */,
			);
			currentVersion = AA76FC471B0D046700D1CE03 /* blocnotes v2.xcdatamodel */;
			path = blocnotes.xcdatamodeld;
			sourceTree = "<group>";
			versionGroupType = wrapper.xcdatamodel;
		};
/* End XCVersionGroup section */
	};
	rootObject = AA3DA5CA1B069D59001D7036 /* Project object */;
}
