// !$*UTF8*$!
{
	archiveVersion = 1;
	classes = {
	};
	objectVersion = 46;
	objects = {

/* Begin PBXBuildFile section */
		AA3DA5D81B069D59001D7036 /* main.m in Sources */ = {isa = PBXBuildFile; fileRef = AA3DA5D71B069D59001D7036 /* main.m */; };
		AA3DA5DB1B069D59001D7036 /* AppDelegate.m in Sources */ = {isa = PBXBuildFile; fileRef = AA3DA5DA1B069D59001D7036 /* AppDelegate.m */; };
		AA3DA5DE1B069D59001D7036 /* blocnotes.xcdatamodeld in Sources */ = {isa = PBXBuildFile; fileRef = AA3DA5DC1B069D59001D7036 /* blocnotes.xcdatamodeld */; };
		AA3DA5E11B069D59001D7036 /* MasterViewController.m in Sources */ = {isa = PBXBuildFile; fileRef = AA3DA5E01B069D59001D7036 /* MasterViewController.m */; };
		AA3DA5E41B069D59001D7036 /* DetailViewController.m in Sources */ = {isa = PBXBuildFile; fileRef = AA3DA5E31B069D59001D7036 /* DetailViewController.m */; };
		AA3DA5E71B069D59001D7036 /* Main.storyboard in Resources */ = {isa = PBXBuildFile; fileRef = AA3DA5E51B069D59001D7036 /* Main.storyboard */; };
		AA3DA5E91B069D59001D7036 /* Images.xcassets in Resources */ = {isa = PBXBuildFile; fileRef = AA3DA5E81B069D59001D7036 /* Images.xcassets */; };
		AA3DA5EC1B069D59001D7036 /* LaunchScreen.xib in Resources */ = {isa = PBXBuildFile; fileRef = AA3DA5EA1B069D59001D7036 /* LaunchScreen.xib */; };
		AA3DA5F81B069D5A001D7036 /* blocnotesTests.m in Sources */ = {isa = PBXBuildFile; fileRef = AA3DA5F71B069D5A001D7036 /* blocnotesTests.m */; };
		AA3DA6031B091F0E001D7036 /* CreateNoteViewController.m in Sources */ = {isa = PBXBuildFile; fileRef = AA3DA6021B091F0E001D7036 /* CreateNoteViewController.m */; };
/* End PBXBuildFile section */

/* Begin PBXContainerItemProxy section */
		AA3DA5F21B069D5A001D7036 /* PBXContainerItemProxy */ = {
			isa = PBXContainerItemProxy;
			containerPortal = AA3DA5CA1B069D59001D7036 /* Project object */;
			proxyType = 1;
			remoteGlobalIDString = AA3DA5D11B069D59001D7036;
			remoteInfo = blocnotes;
		};
/* End PBXContainerItemProxy section */

/* Begin PBXFileReference section */
		AA3DA5D21B069D59001D7036 /* blocnotes.app */ = {isa = PBXFileReference; explicitFileType = wrapper.application; includeInIndex = 0; path = blocnotes.app; sourceTree = BUILT_PRODUCTS_DIR; };
		AA3DA5D61B069D59001D7036 /* Info.plist */ = {isa = PBXFileReference; lastKnownFileType = text.plist.xml; path = Info.plist; sourceTree = "<group>"; };
		AA3DA5D71B069D59001D7036 /* main.m */ = {isa = PBXFileReference; lastKnownFileType = sourcecode.c.objc; path = main.m; sourceTree = "<group>"; };
		AA3DA5D91B069D59001D7036 /* AppDelegate.h */ = {isa = PBXFileReference; lastKnownFileType = sourcecode.c.h; path = AppDelegate.h; sourceTree = "<group>"; };
		AA3DA5DA1B069D59001D7036 /* AppDelegate.m */ = {isa = PBXFileReference; lastKnownFileType = sourcecode.c.objc; path = AppDelegate.m; sourceTree = "<group>"; };
		AA3DA5DD1B069D59001D7036 /* blocnotes.xcdatamodel */ = {isa = PBXFileReference; lastKnownFileType = wrapper.xcdatamodel; path = blocnotes.xcdatamodel; sourceTree = "<group>"; };
		AA3DA5DF1B069D59001D7036 /* MasterViewController.h */ = {isa = PBXFileReference; lastKnownFileType = sourcecode.c.h; path = MasterViewController.h; sourceTree = "<group>"; };
		AA3DA5E01B069D59001D7036 /* MasterViewController.m */ = {isa = PBXFileReference; lastKnownFileType = sourcecode.c.objc; path = MasterViewController.m; sourceTree = "<group>"; };
		AA3DA5E21B069D59001D7036 /* DetailViewController.h */ = {isa = PBXFileReference; lastKnownFileType = sourcecode.c.h; path = DetailViewController.h; sourceTree = "<group>"; };
		AA3DA5E31B069D59001D7036 /* DetailViewController.m */ = {isa = PBXFileReference; lastKnownFileType = sourcecode.c.objc; path = DetailViewController.m; sourceTree = "<group>"; };
		AA3DA5E61B069D59001D7036 /* Base */ = {isa = PBXFileReference; lastKnownFileType = file.storyboard; name = Base; path = Base.lproj/Main.storyboard; sourceTree = "<group>"; };
		AA3DA5E81B069D59001D7036 /* Images.xcassets */ = {isa = PBXFileReference; lastKnownFileType = folder.assetcatalog; path = Images.xcassets; sourceTree = "<group>"; };
		AA3DA5EB1B069D59001D7036 /* Base */ = {isa = PBXFileReference; lastKnownFileType = file.xib; name = Base; path = Base.lproj/LaunchScreen.xib; sourceTree = "<group>"; };
		AA3DA5F11B069D5A001D7036 /* blocnotesTests.xctest */ = {isa = PBXFileReference; explicitFileType = wrapper.cfbundle; includeInIndex = 0; path = blocnotesTests.xctest; sourceTree = BUILT_PRODUCTS_DIR; };
		AA3DA5F61B069D5A001D7036 /* Info.plist */ = {isa = PBXFileReference; lastKnownFileType = text.plist.xml; path = Info.plist; sourceTree = "<group>"; };
		AA3DA5F71B069D5A001D7036 /* blocnotesTests.m */ = {isa = PBXFileReference; lastKnownFileType = sourcecode.c.objc; path = blocnotesTests.m; sourceTree = "<group>"; };
		AA3DA6011B091F0E001D7036 /* CreateNoteViewController.h */ = {isa = PBXFileReference; fileEncoding = 4; lastKnownFileType = sourcecode.c.h; path = CreateNoteViewController.h; sourceTree = "<group>"; };
		AA3DA6021B091F0E001D7036 /* CreateNoteViewController.m */ = {isa = PBXFileReference; fileEncoding = 4; lastKnownFileType = sourcecode.c.objc; path = CreateNoteViewController.m; sourceTree = "<group>"; };
/* End PBXFileReference section */

/* Begin PBXFrameworksBuildPhase section */
		AA3DA5CF1B069D59001D7036 /* Frameworks */ = {
			isa = PBXFrameworksBuildPhase;
			buildActionMask = 2147483647;
			files = (
			);
			runOnlyForDeploymentPostprocessing = 0;
		};
		AA3DA5EE1B069D5A001D7036 /* Frameworks */ = {
			isa = PBXFrameworksBuildPhase;
			buildActionMask = 2147483647;
			files = (
			);
			runOnlyForDeploymentPostprocessing = 0;
		};
/* End PBXFrameworksBuildPhase section */

/* Begin PBXGroup section */
		AA3DA5C91B069D59001D7036 = {
			isa = PBXGroup;
			children = (
				AA3DA5D41B069D59001D7036 /* blocnotes */,
				AA3DA5F41B069D5A001D7036 /* blocnotesTests */,
				AA3DA5D31B069D59001D7036 /* Products */,
			);
			sourceTree = "<group>";
		};
		AA3DA5D31B069D59001D7036 /* Products */ = {
			isa = PBXGroup;
			children = (
				AA3DA5D21B069D59001D7036 /* blocnotes.app */,
				AA3DA5F11B069D5A001D7036 /* blocnotesTests.xctest */,
			);
			name = Products;
			sourceTree = "<group>";
		};
		AA3DA5D41B069D59001D7036 /* blocnotes */ = {
			isa = PBXGroup;
			children = (
				AA3DA6051B091F40001D7036 /* View Objects */,
				AA3DA6041B091F25001D7036 /* ViewControllers */,
				AA3DA5D91B069D59001D7036 /* AppDelegate.h */,
				AA3DA5DA1B069D59001D7036 /* AppDelegate.m */,
				AA3DA5E51B069D59001D7036 /* Main.storyboard */,
				AA3DA5E81B069D59001D7036 /* Images.xcassets */,
				AA3DA5EA1B069D59001D7036 /* LaunchScreen.xib */,
				AA3DA5DC1B069D59001D7036 /* blocnotes.xcdatamodeld */,
				AA3DA5D51B069D59001D7036 /* Supporting Files */,
			);
			path = blocnotes;
			sourceTree = "<group>";
		};
		AA3DA5D51B069D59001D7036 /* Supporting Files */ = {
			isa = PBXGroup;
			children = (
				AA3DA5D61B069D59001D7036 /* Info.plist */,
				AA3DA5D71B069D59001D7036 /* main.m */,
			);
			name = "Supporting Files";
			sourceTree = "<group>";
		};
		AA3DA5F41B069D5A001D7036 /* blocnotesTests */ = {
			isa = PBXGroup;
			children = (
				AA3DA5F71B069D5A001D7036 /* blocnotesTests.m */,
				AA3DA5F51B069D5A001D7036 /* Supporting Files */,
			);
			path = blocnotesTests;
			sourceTree = "<group>";
		};
		AA3DA5F51B069D5A001D7036 /* Supporting Files */ = {
			isa = PBXGroup;
			children = (
				AA3DA5F61B069D5A001D7036 /* Info.plist */,
			);
			name = "Supporting Files";
			sourceTree = "<group>";
		};
		AA3DA6041B091F25001D7036 /* ViewControllers */ = {
			isa = PBXGroup;
			children = (
				AA3DA5DF1B069D59001D7036 /* MasterViewController.h */,
				AA3DA5E01B069D59001D7036 /* MasterViewController.m */,
				AA3DA5E21B069D59001D7036 /* DetailViewController.h */,
				AA3DA5E31B069D59001D7036 /* DetailViewController.m */,
				AA3DA6011B091F0E001D7036 /* CreateNoteViewController.h */,
				AA3DA6021B091F0E001D7036 /* CreateNoteViewController.m */,
			);
			name = ViewControllers;
			sourceTree = "<group>";
		};
		AA3DA6051B091F40001D7036 /* View Objects */ = {
			isa = PBXGroup;
			children = (
			);
			name = "View Objects";
			sourceTree = "<group>";
		};
/* End PBXGroup section */

/* Begin PBXNativeTarget section */
		AA3DA5D11B069D59001D7036 /* blocnotes */ = {
			isa = PBXNativeTarget;
			buildConfigurationList = AA3DA5FB1B069D5A001D7036 /* Build configuration list for PBXNativeTarget "blocnotes" */;
			buildPhases = (
				AA3DA5CE1B069D59001D7036 /* Sources */,
				AA3DA5CF1B069D59001D7036 /* Frameworks */,
				AA3DA5D01B069D59001D7036 /* Resources */,
			);
			buildRules = (
			);
			dependencies = (
			);
			name = blocnotes;
			productName = blocnotes;
			productReference = AA3DA5D21B069D59001D7036 /* blocnotes.app */;
			productType = "com.apple.product-type.application";
		};
		AA3DA5F01B069D5A001D7036 /* blocnotesTests */ = {
			isa = PBXNativeTarget;
			buildConfigurationList = AA3DA5FE1B069D5A001D7036 /* Build configuration list for PBXNativeTarget "blocnotesTests" */;
			buildPhases = (
				AA3DA5ED1B069D5A001D7036 /* Sources */,
				AA3DA5EE1B069D5A001D7036 /* Frameworks */,
				AA3DA5EF1B069D5A001D7036 /* Resources */,
			);
			buildRules = (
			);
			dependencies = (
				AA3DA5F31B069D5A001D7036 /* PBXTargetDependency */,
			);
			name = blocnotesTests;
			productName = blocnotesTests;
			productReference = AA3DA5F11B069D5A001D7036 /* blocnotesTests.xctest */;
			productType = "com.apple.product-type.bundle.unit-test";
		};
/* End PBXNativeTarget section */

/* Begin PBXProject section */
		AA3DA5CA1B069D59001D7036 /* Project object */ = {
			isa = PBXProject;
			attributes = {
				LastUpgradeCheck = 0630;
				ORGANIZATIONNAME = dkusznir;
				TargetAttributes = {
					AA3DA5D11B069D59001D7036 = {
						CreatedOnToolsVersion = 6.3.1;
					};
					AA3DA5F01B069D5A001D7036 = {
						CreatedOnToolsVersion = 6.3.1;
						TestTargetID = AA3DA5D11B069D59001D7036;
					};
				};
			};
			buildConfigurationList = AA3DA5CD1B069D59001D7036 /* Build configuration list for PBXProject "blocnotes" */;
			compatibilityVersion = "Xcode 3.2";
			developmentRegion = English;
			hasScannedForEncodings = 0;
			knownRegions = (
				en,
				Base,
			);
			mainGroup = AA3DA5C91B069D59001D7036;
			productRefGroup = AA3DA5D31B069D59001D7036 /* Products */;
			projectDirPath = "";
			projectRoot = "";
			targets = (
				AA3DA5D11B069D59001D7036 /* blocnotes */,
				AA3DA5F01B069D5A001D7036 /* blocnotesTests */,
			);
		};
/* End PBXProject section */

/* Begin PBXResourcesBuildPhase section */
		AA3DA5D01B069D59001D7036 /* Resources */ = {
			isa = PBXResourcesBuildPhase;
			buildActionMask = 2147483647;
			files = (
				AA3DA5E71B069D59001D7036 /* Main.storyboard in Resources */,
				AA3DA5EC1B069D59001D7036 /* LaunchScreen.xib in Resources */,
				AA3DA5E91B069D59001D7036 /* Images.xcassets in Resources */,
			);
			runOnlyForDeploymentPostprocessing = 0;
		};
		AA3DA5EF1B069D5A001D7036 /* Resources */ = {
			isa = PBXResourcesBuildPhase;
			buildActionMask = 2147483647;
			files = (
			);
			runOnlyForDeploymentPostprocessing = 0;
		};
/* End PBXResourcesBuildPhase section */

/* Begin PBXSourcesBuildPhase section */
		AA3DA5CE1B069D59001D7036 /* Sources */ = {
			isa = PBXSourcesBuildPhase;
			buildActionMask = 2147483647;
			files = (
				AA3DA5E41B069D59001D7036 /* DetailViewController.m in Sources */,
				AA3DA5E11B069D59001D7036 /* MasterViewController.m in Sources */,
				AA3DA5DB1B069D59001D7036 /* AppDelegate.m in Sources */,
				AA3DA5D81B069D59001D7036 /* main.m in Sources */,
				AA3DA6031B091F0E001D7036 /* CreateNoteViewController.m in Sources */,
				AA3DA5DE1B069D59001D7036 /* blocnotes.xcdatamodeld in Sources */,
			);
			runOnlyForDeploymentPostprocessing = 0;
		};
		AA3DA5ED1B069D5A001D7036 /* Sources */ = {
			isa = PBXSourcesBuildPhase;
			buildActionMask = 2147483647;
			files = (
				AA3DA5F81B069D5A001D7036 /* blocnotesTests.m in Sources */,
			);
			runOnlyForDeploymentPostprocessing = 0;
		};
/* End PBXSourcesBuildPhase section */

/* Begin PBXTargetDependency section */
		AA3DA5F31B069D5A001D7036 /* PBXTargetDependency */ = {
			isa = PBXTargetDependency;
			target = AA3DA5D11B069D59001D7036 /* blocnotes */;
			targetProxy = AA3DA5F21B069D5A001D7036 /* PBXContainerItemProxy */;
		};
/* End PBXTargetDependency section */

/* Begin PBXVariantGroup section */
		AA3DA5E51B069D59001D7036 /* Main.storyboard */ = {
			isa = PBXVariantGroup;
			children = (
				AA3DA5E61B069D59001D7036 /* Base */,
			);
			name = Main.storyboard;
			sourceTree = "<group>";
		};
		AA3DA5EA1B069D59001D7036 /* LaunchScreen.xib */ = {
			isa = PBXVariantGroup;
			children = (
				AA3DA5EB1B069D59001D7036 /* Base */,
			);
			name = LaunchScreen.xib;
			sourceTree = "<group>";
		};
/* End PBXVariantGroup section */

/* Begin XCBuildConfiguration section */
		AA3DA5F91B069D5A001D7036 /* Debug */ = {
			isa = XCBuildConfiguration;
			buildSettings = {
				ALWAYS_SEARCH_USER_PATHS = NO;
				CLANG_CXX_LANGUAGE_STANDARD = "gnu++0x";
				CLANG_CXX_LIBRARY = "libc++";
				CLANG_ENABLE_MODULES = YES;
				CLANG_ENABLE_OBJC_ARC = YES;
				CLANG_WARN_BOOL_CONVERSION = YES;
				CLANG_WARN_CONSTANT_CONVERSION = YES;
				CLANG_WARN_DIRECT_OBJC_ISA_USAGE = YES_ERROR;
				CLANG_WARN_EMPTY_BODY = YES;
				CLANG_WARN_ENUM_CONVERSION = YES;
				CLANG_WARN_INT_CONVERSION = YES;
				CLANG_WARN_OBJC_ROOT_CLASS = YES_ERROR;
				CLANG_WARN_UNREACHABLE_CODE = YES;
				CLANG_WARN__DUPLICATE_METHOD_MATCH = YES;
				"CODE_SIGN_IDENTITY[sdk=iphoneos*]" = "iPhone Developer";
				COPY_PHASE_STRIP = NO;
				DEBUG_INFORMATION_FORMAT = "dwarf-with-dsym";
				ENABLE_STRICT_OBJC_MSGSEND = YES;
				GCC_C_LANGUAGE_STANDARD = gnu99;
				GCC_DYNAMIC_NO_PIC = NO;
				GCC_NO_COMMON_BLOCKS = YES;
				GCC_OPTIMIZATION_LEVEL = 0;
				GCC_PREPROCESSOR_DEFINITIONS = (
					"DEBUG=1",
					"$(inherited)",
				);
				GCC_SYMBOLS_PRIVATE_EXTERN = NO;
				GCC_WARN_64_TO_32_BIT_CONVERSION = YES;
				GCC_WARN_ABOUT_RETURN_TYPE = YES_ERROR;
				GCC_WARN_UNDECLARED_SELECTOR = YES;
				GCC_WARN_UNINITIALIZED_AUTOS = YES_AGGRESSIVE;
				GCC_WARN_UNUSED_FUNCTION = YES;
				GCC_WARN_UNUSED_VARIABLE = YES;
				IPHONEOS_DEPLOYMENT_TARGET = 8.3;
				MTL_ENABLE_DEBUG_INFO = YES;
				ONLY_ACTIVE_ARCH = YES;
				SDKROOT = iphoneos;
				TARGETED_DEVICE_FAMILY = "1,2";
			};
			name = Debug;
		};
		AA3DA5FA1B069D5A001D7036 /* Release */ = {
			isa = XCBuildConfiguration;
			buildSettings = {
				ALWAYS_SEARCH_USER_PATHS = NO;
				CLANG_CXX_LANGUAGE_STANDARD = "gnu++0x";
				CLANG_CXX_LIBRARY = "libc++";
				CLANG_ENABLE_MODULES = YES;
				CLANG_ENABLE_OBJC_ARC = YES;
				CLANG_WARN_BOOL_CONVERSION = YES;
				CLANG_WARN_CONSTANT_CONVERSION = YES;
				CLANG_WARN_DIRECT_OBJC_ISA_USAGE = YES_ERROR;
				CLANG_WARN_EMPTY_BODY = YES;
				CLANG_WARN_ENUM_CONVERSION = YES;
				CLANG_WARN_INT_CONVERSION = YES;
				CLANG_WARN_OBJC_ROOT_CLASS = YES_ERROR;
				CLANG_WARN_UNREACHABLE_CODE = YES;
				CLANG_WARN__DUPLICATE_METHOD_MATCH = YES;
				"CODE_SIGN_IDENTITY[sdk=iphoneos*]" = "iPhone Developer";
				COPY_PHASE_STRIP = NO;
				DEBUG_INFORMATION_FORMAT = "dwarf-with-dsym";
				ENABLE_NS_ASSERTIONS = NO;
				ENABLE_STRICT_OBJC_MSGSEND = YES;
				GCC_C_LANGUAGE_STANDARD = gnu99;
				GCC_NO_COMMON_BLOCKS = YES;
				GCC_WARN_64_TO_32_BIT_CONVERSION = YES;
				GCC_WARN_ABOUT_RETURN_TYPE = YES_ERROR;
				GCC_WARN_UNDECLARED_SELECTOR = YES;
				GCC_WARN_UNINITIALIZED_AUTOS = YES_AGGRESSIVE;
				GCC_WARN_UNUSED_FUNCTION = YES;
				GCC_WARN_UNUSED_VARIABLE = YES;
				IPHONEOS_DEPLOYMENT_TARGET = 8.3;
				MTL_ENABLE_DEBUG_INFO = NO;
				SDKROOT = iphoneos;
				TARGETED_DEVICE_FAMILY = "1,2";
				VALIDATE_PRODUCT = YES;
			};
			name = Release;
		};
		AA3DA5FC1B069D5A001D7036 /* Debug */ = {
			isa = XCBuildConfiguration;
			buildSettings = {
				ASSETCATALOG_COMPILER_APPICON_NAME = AppIcon;
				INFOPLIST_FILE = blocnotes/Info.plist;
				LD_RUNPATH_SEARCH_PATHS = "$(inherited) @executable_path/Frameworks";
				PRODUCT_NAME = "$(TARGET_NAME)";
			};
			name = Debug;
		};
		AA3DA5FD1B069D5A001D7036 /* Release */ = {
			isa = XCBuildConfiguration;
			buildSettings = {
				ASSETCATALOG_COMPILER_APPICON_NAME = AppIcon;
				INFOPLIST_FILE = blocnotes/Info.plist;
				LD_RUNPATH_SEARCH_PATHS = "$(inherited) @executable_path/Frameworks";
				PRODUCT_NAME = "$(TARGET_NAME)";
			};
			name = Release;
		};
		AA3DA5FF1B069D5A001D7036 /* Debug */ = {
			isa = XCBuildConfiguration;
			buildSettings = {
				BUNDLE_LOADER = "$(TEST_HOST)";
				FRAMEWORK_SEARCH_PATHS = (
					"$(SDKROOT)/Developer/Library/Frameworks",
					"$(inherited)",
				);
				GCC_PREPROCESSOR_DEFINITIONS = (
					"DEBUG=1",
					"$(inherited)",
				);
				INFOPLIST_FILE = blocnotesTests/Info.plist;
				LD_RUNPATH_SEARCH_PATHS = "$(inherited) @executable_path/Frameworks @loader_path/Frameworks";
				PRODUCT_NAME = "$(TARGET_NAME)";
				TEST_HOST = "$(BUILT_PRODUCTS_DIR)/blocnotes.app/blocnotes";
			};
			name = Debug;
		};
		AA3DA6001B069D5A001D7036 /* Release */ = {
			isa = XCBuildConfiguration;
			buildSettings = {
				BUNDLE_LOADER = "$(TEST_HOST)";
				FRAMEWORK_SEARCH_PATHS = (
					"$(SDKROOT)/Developer/Library/Frameworks",
					"$(inherited)",
				);
				INFOPLIST_FILE = blocnotesTests/Info.plist;
				LD_RUNPATH_SEARCH_PATHS = "$(inherited) @executable_path/Frameworks @loader_path/Frameworks";
				PRODUCT_NAME = "$(TARGET_NAME)";
				TEST_HOST = "$(BUILT_PRODUCTS_DIR)/blocnotes.app/blocnotes";
			};
			name = Release;
		};
/* End XCBuildConfiguration section */

/* Begin XCConfigurationList section */
		AA3DA5CD1B069D59001D7036 /* Build configuration list for PBXProject "blocnotes" */ = {
			isa = XCConfigurationList;
			buildConfigurations = (
				AA3DA5F91B069D5A001D7036 /* Debug */,
				AA3DA5FA1B069D5A001D7036 /* Release */,
			);
			defaultConfigurationIsVisible = 0;
			defaultConfigurationName = Release;
		};
		AA3DA5FB1B069D5A001D7036 /* Build configuration list for PBXNativeTarget "blocnotes" */ = {
			isa = XCConfigurationList;
			buildConfigurations = (
				AA3DA5FC1B069D5A001D7036 /* Debug */,
				AA3DA5FD1B069D5A001D7036 /* Release */,
			);
			defaultConfigurationIsVisible = 0;
		};
		AA3DA5FE1B069D5A001D7036 /* Build configuration list for PBXNativeTarget "blocnotesTests" */ = {
			isa = XCConfigurationList;
			buildConfigurations = (
				AA3DA5FF1B069D5A001D7036 /* Debug */,
				AA3DA6001B069D5A001D7036 /* Release */,
			);
			defaultConfigurationIsVisible = 0;
		};
/* End XCConfigurationList section */

/* Begin XCVersionGroup section */
		AA3DA5DC1B069D59001D7036 /* blocnotes.xcdatamodeld */ = {
			isa = XCVersionGroup;
			children = (
				AA3DA5DD1B069D59001D7036 /* blocnotes.xcdatamodel */,
			);
			currentVersion = AA3DA5DD1B069D59001D7036 /* blocnotes.xcdatamodel */;
			path = blocnotes.xcdatamodeld;
			sourceTree = "<group>";
			versionGroupType = wrapper.xcdatamodel;
		};
/* End XCVersionGroup section */
	};
	rootObject = AA3DA5CA1B069D59001D7036 /* Project object */;
}
